
Microsoft Visual Studio Solution File, Format Version 12.00
Project("{FAE04EC0-301F-11D3-BF4B-00C04F79EFBC}") = "SmartFridgeKata", "SmartFridgeKata\SmartFridgeKata.csproj", "{1FFCE93E-105D-4F7D-9C24-B76139B5512E}"
EndProject
Project("{FAE04EC0-301F-11D3-BF4B-00C04F79EFBC}") = "SmartFridgeKata.Tests", "SmartFridgeKata.Tests\SmartFridgeKata.Tests.csproj", "{887DB507-DFFD-4EE5-9526-74F122FDEC61}"
EndProject
Global
	GlobalSection(SolutionConfigurationPlatforms) = preSolution
		Debug|Any CPU = Debug|Any CPU
		Release|Any CPU = Release|Any CPU
	EndGlobalSection
	GlobalSection(ProjectConfigurationPlatforms) = postSolution
		{1FFCE93E-105D-4F7D-9C24-B76139B5512E}.Debug|Any CPU.ActiveCfg = Debug|Any CPU
		{1FFCE93E-105D-4F7D-9C24-B76139B5512E}.Debug|Any CPU.Build.0 = Debug|Any CPU
		{1FFCE93E-105D-4F7D-9C24-B76139B5512E}.Release|Any CPU.ActiveCfg = Release|Any CPU
		{1FFCE93E-105D-4F7D-9C24-B76139B5512E}.Release|Any CPU.Build.0 = Release|Any CPU
		{887DB507-DFFD-4EE5-9526-74F122FDEC61}.Debug|Any CPU.ActiveCfg = Debug|Any CPU
		{887DB507-DFFD-4EE5-9526-74F122FDEC61}.Debug|Any CPU.Build.0 = Debug|Any CPU
		{887DB507-DFFD-4EE5-9526-74F122FDEC61}.Release|Any CPU.ActiveCfg = Release|Any CPU
		{887DB507-DFFD-4EE5-9526-74F122FDEC61}.Release|Any CPU.Build.0 = Release|Any CPU
	EndGlobalSection
EndGlobal
